// !$*UTF8*$!
{
	archiveVersion = 1;
	classes = {
	};
	objectVersion = 46;
	objects = {

/* Begin PBXBuildFile section */
		3F6F44B11C005C5900EB2F0B /* main.m in Sources */ = {isa = PBXBuildFile; fileRef = 3F6F44B01C005C5900EB2F0B /* main.m */; };
		3F6F44B41C005C5900EB2F0B /* AppDelegate.m in Sources */ = {isa = PBXBuildFile; fileRef = 3F6F44B31C005C5900EB2F0B /* AppDelegate.m */; };
		3F6F44B71C005C5900EB2F0B /* ViewController.m in Sources */ = {isa = PBXBuildFile; fileRef = 3F6F44B61C005C5900EB2F0B /* ViewController.m */; };
		3F6F44BA1C005C5900EB2F0B /* Main.storyboard in Resources */ = {isa = PBXBuildFile; fileRef = 3F6F44B81C005C5900EB2F0B /* Main.storyboard */; };
		3F6F44BC1C005C5900EB2F0B /* Assets.xcassets in Resources */ = {isa = PBXBuildFile; fileRef = 3F6F44BB1C005C5900EB2F0B /* Assets.xcassets */; };
		3F6F44BF1C005C5900EB2F0B /* LaunchScreen.storyboard in Resources */ = {isa = PBXBuildFile; fileRef = 3F6F44BD1C005C5900EB2F0B /* LaunchScreen.storyboard */; };
		3F6F44CA1C005C5900EB2F0B /* PXWeek2Tests.m in Sources */ = {isa = PBXBuildFile; fileRef = 3F6F44C91C005C5900EB2F0B /* PXWeek2Tests.m */; };
		3F6F44D51C005C5900EB2F0B /* PXWeek2UITests.m in Sources */ = {isa = PBXBuildFile; fileRef = 3F6F44D41C005C5900EB2F0B /* PXWeek2UITests.m */; };
/* End PBXBuildFile section */

/* Begin PBXContainerItemProxy section */
		3F6F44C61C005C5900EB2F0B /* PBXContainerItemProxy */ = {
			isa = PBXContainerItemProxy;
			containerPortal = 3F6F44A41C005C5800EB2F0B /* Project object */;
			proxyType = 1;
			remoteGlobalIDString = 3F6F44AB1C005C5900EB2F0B;
			remoteInfo = PXWeek2;
		};
		3F6F44D11C005C5900EB2F0B /* PBXContainerItemProxy */ = {
			isa = PBXContainerItemProxy;
			containerPortal = 3F6F44A41C005C5800EB2F0B /* Project object */;
			proxyType = 1;
			remoteGlobalIDString = 3F6F44AB1C005C5900EB2F0B;
			remoteInfo = PXWeek2;
		};
/* End PBXContainerItemProxy section */

/* Begin PBXFileReference section */
		3F6F44AC1C005C5900EB2F0B /* PXWeek2.app */ = {isa = PBXFileReference; explicitFileType = wrapper.application; includeInIndex = 0; path = PXWeek2.app; sourceTree = BUILT_PRODUCTS_DIR; };
		3F6F44B01C005C5900EB2F0B /* main.m */ = {isa = PBXFileReference; lastKnownFileType = sourcecode.c.objc; path = main.m; sourceTree = "<group>"; };
		3F6F44B21C005C5900EB2F0B /* AppDelegate.h */ = {isa = PBXFileReference; lastKnownFileType = sourcecode.c.h; path = AppDelegate.h; sourceTree = "<group>"; };
		3F6F44B31C005C5900EB2F0B /* AppDelegate.m */ = {isa = PBXFileReference; lastKnownFileType = sourcecode.c.objc; path = AppDelegate.m; sourceTree = "<group>"; };
		3F6F44B51C005C5900EB2F0B /* ViewController.h */ = {isa = PBXFileReference; lastKnownFileType = sourcecode.c.h; path = ViewController.h; sourceTree = "<group>"; };
		3F6F44B61C005C5900EB2F0B /* ViewController.m */ = {isa = PBXFileReference; lastKnownFileType = sourcecode.c.objc; path = ViewController.m; sourceTree = "<group>"; };
		3F6F44B91C005C5900EB2F0B /* Base */ = {isa = PBXFileReference; lastKnownFileType = file.storyboard; name = Base; path = Base.lproj/Main.storyboard; sourceTree = "<group>"; };
		3F6F44BB1C005C5900EB2F0B /* Assets.xcassets */ = {isa = PBXFileReference; lastKnownFileType = folder.assetcatalog; path = Assets.xcassets; sourceTree = "<group>"; };
		3F6F44BE1C005C5900EB2F0B /* Base */ = {isa = PBXFileReference; lastKnownFileType = file.storyboard; name = Base; path = Base.lproj/LaunchScreen.storyboard; sourceTree = "<group>"; };
		3F6F44C01C005C5900EB2F0B /* Info.plist */ = {isa = PBXFileReference; lastKnownFileType = text.plist.xml; path = Info.plist; sourceTree = "<group>"; };
		3F6F44C51C005C5900EB2F0B /* PXWeek2Tests.xctest */ = {isa = PBXFileReference; explicitFileType = wrapper.cfbundle; includeInIndex = 0; path = PXWeek2Tests.xctest; sourceTree = BUILT_PRODUCTS_DIR; };
		3F6F44C91C005C5900EB2F0B /* PXWeek2Tests.m */ = {isa = PBXFileReference; lastKnownFileType = sourcecode.c.objc; path = PXWeek2Tests.m; sourceTree = "<group>"; };
		3F6F44CB1C005C5900EB2F0B /* Info.plist */ = {isa = PBXFileReference; lastKnownFileType = text.plist.xml; path = Info.plist; sourceTree = "<group>"; };
		3F6F44D01C005C5900EB2F0B /* PXWeek2UITests.xctest */ = {isa = PBXFileReference; explicitFileType = wrapper.cfbundle; includeInIndex = 0; path = PXWeek2UITests.xctest; sourceTree = BUILT_PRODUCTS_DIR; };
		3F6F44D41C005C5900EB2F0B /* PXWeek2UITests.m */ = {isa = PBXFileReference; lastKnownFileType = sourcecode.c.objc; path = PXWeek2UITests.m; sourceTree = "<group>"; };
		3F6F44D61C005C5900EB2F0B /* Info.plist */ = {isa = PBXFileReference; lastKnownFileType = text.plist.xml; path = Info.plist; sourceTree = "<group>"; };
/* End PBXFileReference section */

/* Begin PBXFrameworksBuildPhase section */
		3F6F44A91C005C5900EB2F0B /* Frameworks */ = {
			isa = PBXFrameworksBuildPhase;
			buildActionMask = 2147483647;
			files = (
			);
			runOnlyForDeploymentPostprocessing = 0;
		};
		3F6F44C21C005C5900EB2F0B /* Frameworks */ = {
			isa = PBXFrameworksBuildPhase;
			buildActionMask = 2147483647;
			files = (
			);
			runOnlyForDeploymentPostprocessing = 0;
		};
		3F6F44CD1C005C5900EB2F0B /* Frameworks */ = {
			isa = PBXFrameworksBuildPhase;
			buildActionMask = 2147483647;
			files = (
			);
			runOnlyForDeploymentPostprocessing = 0;
		};
/* End PBXFrameworksBuildPhase section */

/* Begin PBXGroup section */
		3F6F44A31C005C5800EB2F0B = {
			isa = PBXGroup;
			children = (
				3F6F44AE1C005C5900EB2F0B /* PXWeek2 */,
				3F6F44C81C005C5900EB2F0B /* PXWeek2Tests */,
				3F6F44D31C005C5900EB2F0B /* PXWeek2UITests */,
				3F6F44AD1C005C5900EB2F0B /* Products */,
			);
			sourceTree = "<group>";
		};
		3F6F44AD1C005C5900EB2F0B /* Products */ = {
			isa = PBXGroup;
			children = (
				3F6F44AC1C005C5900EB2F0B /* PXWeek2.app */,
				3F6F44C51C005C5900EB2F0B /* PXWeek2Tests.xctest */,
				3F6F44D01C005C5900EB2F0B /* PXWeek2UITests.xctest */,
			);
			name = Products;
			sourceTree = "<group>";
		};
		3F6F44AE1C005C5900EB2F0B /* PXWeek2 */ = {
			isa = PBXGroup;
			children = (
				3F6F44B21C005C5900EB2F0B /* AppDelegate.h */,
				3F6F44B31C005C5900EB2F0B /* AppDelegate.m */,
				3F6F44B51C005C5900EB2F0B /* ViewController.h */,
				3F6F44B61C005C5900EB2F0B /* ViewController.m */,
				3F6F44B81C005C5900EB2F0B /* Main.storyboard */,
				3F6F44BB1C005C5900EB2F0B /* Assets.xcassets */,
				3F6F44BD1C005C5900EB2F0B /* LaunchScreen.storyboard */,
				3F6F44C01C005C5900EB2F0B /* Info.plist */,
				3F6F44AF1C005C5900EB2F0B /* Supporting Files */,
			);
			path = PXWeek2;
			sourceTree = "<group>";
		};
		3F6F44AF1C005C5900EB2F0B /* Supporting Files */ = {
			isa = PBXGroup;
			children = (
				3F6F44B01C005C5900EB2F0B /* main.m */,
			);
			name = "Supporting Files";
			sourceTree = "<group>";
		};
		3F6F44C81C005C5900EB2F0B /* PXWeek2Tests */ = {
			isa = PBXGroup;
			children = (
				3F6F44C91C005C5900EB2F0B /* PXWeek2Tests.m */,
				3F6F44CB1C005C5900EB2F0B /* Info.plist */,
			);
			path = PXWeek2Tests;
			sourceTree = "<group>";
		};
		3F6F44D31C005C5900EB2F0B /* PXWeek2UITests */ = {
			isa = PBXGroup;
			children = (
				3F6F44D41C005C5900EB2F0B /* PXWeek2UITests.m */,
				3F6F44D61C005C5900EB2F0B /* Info.plist */,
			);
			path = PXWeek2UITests;
			sourceTree = "<group>";
		};
/* End PBXGroup section */

/* Begin PBXNativeTarget section */
		3F6F44AB1C005C5900EB2F0B /* PXWeek2 */ = {
			isa = PBXNativeTarget;
			buildConfigurationList = 3F6F44D91C005C5900EB2F0B /* Build configuration list for PBXNativeTarget "PXWeek2" */;
			buildPhases = (
				3F6F44A81C005C5900EB2F0B /* Sources */,
				3F6F44A91C005C5900EB2F0B /* Frameworks */,
				3F6F44AA1C005C5900EB2F0B /* Resources */,
			);
			buildRules = (
			);
			dependencies = (
			);
			name = PXWeek2;
			productName = PXWeek2;
			productReference = 3F6F44AC1C005C5900EB2F0B /* PXWeek2.app */;
			productType = "com.apple.product-type.application";
		};
		3F6F44C41C005C5900EB2F0B /* PXWeek2Tests */ = {
			isa = PBXNativeTarget;
			buildConfigurationList = 3F6F44DC1C005C5900EB2F0B /* Build configuration list for PBXNativeTarget "PXWeek2Tests" */;
			buildPhases = (
				3F6F44C11C005C5900EB2F0B /* Sources */,
				3F6F44C21C005C5900EB2F0B /* Frameworks */,
				3F6F44C31C005C5900EB2F0B /* Resources */,
			);
			buildRules = (
			);
			dependencies = (
				3F6F44C71C005C5900EB2F0B /* PBXTargetDependency */,
			);
			name = PXWeek2Tests;
			productName = PXWeek2Tests;
			productReference = 3F6F44C51C005C5900EB2F0B /* PXWeek2Tests.xctest */;
			productType = "com.apple.product-type.bundle.unit-test";
		};
		3F6F44CF1C005C5900EB2F0B /* PXWeek2UITests */ = {
			isa = PBXNativeTarget;
			buildConfigurationList = 3F6F44DF1C005C5900EB2F0B /* Build configuration list for PBXNativeTarget "PXWeek2UITests" */;
			buildPhases = (
				3F6F44CC1C005C5900EB2F0B /* Sources */,
				3F6F44CD1C005C5900EB2F0B /* Frameworks */,
				3F6F44CE1C005C5900EB2F0B /* Resources */,
			);
			buildRules = (
			);
			dependencies = (
				3F6F44D21C005C5900EB2F0B /* PBXTargetDependency */,
			);
			name = PXWeek2UITests;
			productName = PXWeek2UITests;
			productReference = 3F6F44D01C005C5900EB2F0B /* PXWeek2UITests.xctest */;
			productType = "com.apple.product-type.bundle.ui-testing";
		};
/* End PBXNativeTarget section */

/* Begin PBXProject section */
		3F6F44A41C005C5800EB2F0B /* Project object */ = {
			isa = PBXProject;
			attributes = {
				LastUpgradeCheck = 0710;
				ORGANIZATIONNAME = Student;
				TargetAttributes = {
					3F6F44AB1C005C5900EB2F0B = {
						CreatedOnToolsVersion = 7.1;
					};
					3F6F44C41C005C5900EB2F0B = {
						CreatedOnToolsVersion = 7.1;
						TestTargetID = 3F6F44AB1C005C5900EB2F0B;
					};
					3F6F44CF1C005C5900EB2F0B = {
						CreatedOnToolsVersion = 7.1;
						TestTargetID = 3F6F44AB1C005C5900EB2F0B;
					};
				};
			};
			buildConfigurationList = 3F6F44A71C005C5800EB2F0B /* Build configuration list for PBXProject "PXWeek2" */;
			compatibilityVersion = "Xcode 3.2";
			developmentRegion = English;
			hasScannedForEncodings = 0;
			knownRegions = (
				en,
				Base,
			);
			mainGroup = 3F6F44A31C005C5800EB2F0B;
			productRefGroup = 3F6F44AD1C005C5900EB2F0B /* Products */;
			projectDirPath = "";
			projectRoot = "";
			targets = (
				3F6F44AB1C005C5900EB2F0B /* PXWeek2 */,
				3F6F44C41C005C5900EB2F0B /* PXWeek2Tests */,
				3F6F44CF1C005C5900EB2F0B /* PXWeek2UITests */,
			);
		};
/* End PBXProject section */

/* Begin PBXResourcesBuildPhase section */
		3F6F44AA1C005C5900EB2F0B /* Resources */ = {
			isa = PBXResourcesBuildPhase;
			buildActionMask = 2147483647;
			files = (
				3F6F44BF1C005C5900EB2F0B /* LaunchScreen.storyboard in Resources */,
				3F6F44BC1C005C5900EB2F0B /* Assets.xcassets in Resources */,
				3F6F44BA1C005C5900EB2F0B /* Main.storyboard in Resources */,
			);
			runOnlyForDeploymentPostprocessing = 0;
		};
		3F6F44C31C005C5900EB2F0B /* Resources */ = {
			isa = PBXResourcesBuildPhase;
			buildActionMask = 2147483647;
			files = (
			);
			runOnlyForDeploymentPostprocessing = 0;
		};
		3F6F44CE1C005C5900EB2F0B /* Resources */ = {
			isa = PBXResourcesBuildPhase;
			buildActionMask = 2147483647;
			files = (
			);
			runOnlyForDeploymentPostprocessing = 0;
		};
/* End PBXResourcesBuildPhase section */

/* Begin PBXSourcesBuildPhase section */
		3F6F44A81C005C5900EB2F0B /* Sources */ = {
			isa = PBXSourcesBuildPhase;
			buildActionMask = 2147483647;
			files = (
				3F6F44B71C005C5900EB2F0B /* ViewController.m in Sources */,
				3F6F44B41C005C5900EB2F0B /* AppDelegate.m in Sources */,
				3F6F44B11C005C5900EB2F0B /* main.m in Sources */,
			);
			runOnlyForDeploymentPostprocessing = 0;
		};
		3F6F44C11C005C5900EB2F0B /* Sources */ = {
			isa = PBXSourcesBuildPhase;
			buildActionMask = 2147483647;
			files = (
				3F6F44CA1C005C5900EB2F0B /* PXWeek2Tests.m in Sources */,
			);
			runOnlyForDeploymentPostprocessing = 0;
		};
		3F6F44CC1C005C5900EB2F0B /* Sources */ = {
			isa = PBXSourcesBuildPhase;
			buildActionMask = 2147483647;
			files = (
				3F6F44D51C005C5900EB2F0B /* PXWeek2UITests.m in Sources */,
			);
			runOnlyForDeploymentPostprocessing = 0;
		};
/* End PBXSourcesBuildPhase section */

/* Begin PBXTargetDependency section */
		3F6F44C71C005C5900EB2F0B /* PBXTargetDependency */ = {
			isa = PBXTargetDependency;
			target = 3F6F44AB1C005C5900EB2F0B /* PXWeek2 */;
			targetProxy = 3F6F44C61C005C5900EB2F0B /* PBXContainerItemProxy */;
		};
		3F6F44D21C005C5900EB2F0B /* PBXTargetDependency */ = {
			isa = PBXTargetDependency;
			target = 3F6F44AB1C005C5900EB2F0B /* PXWeek2 */;
			targetProxy = 3F6F44D11C005C5900EB2F0B /* PBXContainerItemProxy */;
		};
/* End PBXTargetDependency section */

/* Begin PBXVariantGroup section */
		3F6F44B81C005C5900EB2F0B /* Main.storyboard */ = {
			isa = PBXVariantGroup;
			children = (
				3F6F44B91C005C5900EB2F0B /* Base */,
			);
			name = Main.storyboard;
			sourceTree = "<group>";
		};
		3F6F44BD1C005C5900EB2F0B /* LaunchScreen.storyboard */ = {
			isa = PBXVariantGroup;
			children = (
				3F6F44BE1C005C5900EB2F0B /* Base */,
			);
			name = LaunchScreen.storyboard;
			sourceTree = "<group>";
		};
/* End PBXVariantGroup section */

/* Begin XCBuildConfiguration section */
		3F6F44D71C005C5900EB2F0B /* Debug */ = {
			isa = XCBuildConfiguration;
			buildSettings = {
				ALWAYS_SEARCH_USER_PATHS = NO;
				CLANG_CXX_LANGUAGE_STANDARD = "gnu++0x";
				CLANG_CXX_LIBRARY = "libc++";
				CLANG_ENABLE_MODULES = YES;
				CLANG_ENABLE_OBJC_ARC = YES;
				CLANG_WARN_BOOL_CONVERSION = YES;
				CLANG_WARN_CONSTANT_CONVERSION = YES;
				CLANG_WARN_DIRECT_OBJC_ISA_USAGE = YES_ERROR;
				CLANG_WARN_EMPTY_BODY = YES;
				CLANG_WARN_ENUM_CONVERSION = YES;
				CLANG_WARN_INT_CONVERSION = YES;
				CLANG_WARN_OBJC_ROOT_CLASS = YES_ERROR;
				CLANG_WARN_UNREACHABLE_CODE = YES;
				CLANG_WARN__DUPLICATE_METHOD_MATCH = YES;
				"CODE_SIGN_IDENTITY[sdk=iphoneos*]" = "iPhone Developer";
				COPY_PHASE_STRIP = NO;
				DEBUG_INFORMATION_FORMAT = dwarf;
				ENABLE_STRICT_OBJC_MSGSEND = YES;
				ENABLE_TESTABILITY = YES;
				GCC_C_LANGUAGE_STANDARD = gnu99;
				GCC_DYNAMIC_NO_PIC = NO;
				GCC_NO_COMMON_BLOCKS = YES;
				GCC_OPTIMIZATION_LEVEL = 0;
				GCC_PREPROCESSOR_DEFINITIONS = (
					"DEBUG=1",
					"$(inherited)",
				);
				GCC_WARN_64_TO_32_BIT_CONVERSION = YES;
				GCC_WARN_ABOUT_RETURN_TYPE = YES_ERROR;
				GCC_WARN_UNDECLARED_SELECTOR = YES;
				GCC_WARN_UNINITIALIZED_AUTOS = YES_AGGRESSIVE;
				GCC_WARN_UNUSED_FUNCTION = YES;
				GCC_WARN_UNUSED_VARIABLE = YES;
				IPHONEOS_DEPLOYMENT_TARGET = 9.1;
				MTL_ENABLE_DEBUG_INFO = YES;
				ONLY_ACTIVE_ARCH = YES;
				SDKROOT = iphoneos;
			};
			name = Debug;
		};
		3F6F44D81C005C5900EB2F0B /* Release */ = {
			isa = XCBuildConfiguration;
			buildSettings = {
				ALWAYS_SEARCH_USER_PATHS = NO;
				CLANG_CXX_LANGUAGE_STANDARD = "gnu++0x";
				CLANG_CXX_LIBRARY = "libc++";
				CLANG_ENABLE_MODULES = YES;
				CLANG_ENABLE_OBJC_ARC = YES;
				CLANG_WARN_BOOL_CONVERSION = YES;
				CLANG_WARN_CONSTANT_CONVERSION = YES;
				CLANG_WARN_DIRECT_OBJC_ISA_USAGE = YES_ERROR;
				CLANG_WARN_EMPTY_BODY = YES;
				CLANG_WARN_ENUM_CONVERSION = YES;
				CLANG_WARN_INT_CONVERSION = YES;
				CLANG_WARN_OBJC_ROOT_CLASS = YES_ERROR;
				CLANG_WARN_UNREACHABLE_CODE = YES;
				CLANG_WARN__DUPLICATE_METHOD_MATCH = YES;
				"CODE_SIGN_IDENTITY[sdk=iphoneos*]" = "iPhone Developer";
				COPY_PHASE_STRIP = NO;
				DEBUG_INFORMATION_FORMAT = "dwarf-with-dsym";
				ENABLE_NS_ASSERTIONS = NO;
				ENABLE_STRICT_OBJC_MSGSEND = YES;
				GCC_C_LANGUAGE_STANDARD = gnu99;
				GCC_NO_COMMON_BLOCKS = YES;
				GCC_WARN_64_TO_32_BIT_CONVERSION = YES;
				GCC_WARN_ABOUT_RETURN_TYPE = YES_ERROR;
				GCC_WARN_UNDECLARED_SELECTOR = YES;
				GCC_WARN_UNINITIALIZED_AUTOS = YES_AGGRESSIVE;
				GCC_WARN_UNUSED_FUNCTION = YES;
				GCC_WARN_UNUSED_VARIABLE = YES;
				IPHONEOS_DEPLOYMENT_TARGET = 9.1;
				MTL_ENABLE_DEBUG_INFO = NO;
				SDKROOT = iphoneos;
				VALIDATE_PRODUCT = YES;
			};
			name = Release;
		};
		3F6F44DA1C005C5900EB2F0B /* Debug */ = {
			isa = XCBuildConfiguration;
			buildSettings = {
				ASSETCATALOG_COMPILER_APPICON_NAME = AppIcon;
				INFOPLIST_FILE = PXWeek2/Info.plist;
				LD_RUNPATH_SEARCH_PATHS = "$(inherited) @executable_path/Frameworks";
				PRODUCT_BUNDLE_IDENTIFIER = student.PXWeek2;
				PRODUCT_NAME = "$(TARGET_NAME)";
			};
			name = Debug;
		};
		3F6F44DB1C005C5900EB2F0B /* Release */ = {
			isa = XCBuildConfiguration;
			buildSettings = {
				ASSETCATALOG_COMPILER_APPICON_NAME = AppIcon;
				INFOPLIST_FILE = PXWeek2/Info.plist;
				LD_RUNPATH_SEARCH_PATHS = "$(inherited) @executable_path/Frameworks";
				PRODUCT_BUNDLE_IDENTIFIER = student.PXWeek2;
				PRODUCT_NAME = "$(TARGET_NAME)";
			};
			name = Release;
		};
		3F6F44DD1C005C5900EB2F0B /* Debug */ = {
			isa = XCBuildConfiguration;
			buildSettings = {
				BUNDLE_LOADER = "$(TEST_HOST)";
				INFOPLIST_FILE = PXWeek2Tests/Info.plist;
				LD_RUNPATH_SEARCH_PATHS = "$(inherited) @executable_path/Frameworks @loader_path/Frameworks";
				PRODUCT_BUNDLE_IDENTIFIER = student.PXWeek2Tests;
				PRODUCT_NAME = "$(TARGET_NAME)";
				TEST_HOST = "$(BUILT_PRODUCTS_DIR)/PXWeek2.app/PXWeek2";
			};
			name = Debug;
		};
		3F6F44DE1C005C5900EB2F0B /* Release */ = {
			isa = XCBuildConfiguration;
			buildSettings = {
				BUNDLE_LOADER = "$(TEST_HOST)";
				INFOPLIST_FILE = PXWeek2Tests/Info.plist;
				LD_RUNPATH_SEARCH_PATHS = "$(inherited) @executable_path/Frameworks @loader_path/Frameworks";
				PRODUCT_BUNDLE_IDENTIFIER = student.PXWeek2Tests;
				PRODUCT_NAME = "$(TARGET_NAME)";
				TEST_HOST = "$(BUILT_PRODUCTS_DIR)/PXWeek2.app/PXWeek2";
			};
			name = Release;
		};
		3F6F44E01C005C5900EB2F0B /* Debug */ = {
			isa = XCBuildConfiguration;
			buildSettings = {
				INFOPLIST_FILE = PXWeek2UITests/Info.plist;
				LD_RUNPATH_SEARCH_PATHS = "$(inherited) @executable_path/Frameworks @loader_path/Frameworks";
				PRODUCT_BUNDLE_IDENTIFIER = student.PXWeek2UITests;
				PRODUCT_NAME = "$(TARGET_NAME)";
				TEST_TARGET_NAME = PXWeek2;
				USES_XCTRUNNER = YES;
			};
			name = Debug;
		};
		3F6F44E11C005C5900EB2F0B /* Release */ = {
			isa = XCBuildConfiguration;
			buildSettings = {
				INFOPLIST_FILE = PXWeek2UITests/Info.plist;
				LD_RUNPATH_SEARCH_PATHS = "$(inherited) @executable_path/Frameworks @loader_path/Frameworks";
				PRODUCT_BUNDLE_IDENTIFIER = student.PXWeek2UITests;
				PRODUCT_NAME = "$(TARGET_NAME)";
				TEST_TARGET_NAME = PXWeek2;
				USES_XCTRUNNER = YES;
			};
			name = Release;
		};
/* End XCBuildConfiguration section */

/* Begin XCConfigurationList section */
		3F6F44A71C005C5800EB2F0B /* Build configuration list for PBXProject "PXWeek2" */ = {
			isa = XCConfigurationList;
			buildConfigurations = (
				3F6F44D71C005C5900EB2F0B /* Debug */,
				3F6F44D81C005C5900EB2F0B /* Release */,
			);
			defaultConfigurationIsVisible = 0;
			defaultConfigurationName = Release;
		};
		3F6F44D91C005C5900EB2F0B /* Build configuration list for PBXNativeTarget "PXWeek2" */ = {
			isa = XCConfigurationList;
			buildConfigurations = (
				3F6F44DA1C005C5900EB2F0B /* Debug */,
				3F6F44DB1C005C5900EB2F0B /* Release */,
			);
			defaultConfigurationIsVisible = 0;
		};
		3F6F44DC1C005C5900EB2F0B /* Build configuration list for PBXNativeTarget "PXWeek2Tests" */ = {
			isa = XCConfigurationList;
			buildConfigurations = (
				3F6F44DD1C005C5900EB2F0B /* Debug */,
				3F6F44DE1C005C5900EB2F0B /* Release */,
			);
			defaultConfigurationIsVisible = 0;
		};
		3F6F44DF1C005C5900EB2F0B /* Build configuration list for PBXNativeTarget "PXWeek2UITests" */ = {
			isa = XCConfigurationList;
			buildConfigurations = (
				3F6F44E01C005C5900EB2F0B /* Debug */,
				3F6F44E11C005C5900EB2F0B /* Release */,
			);
			defaultConfigurationIsVisible = 0;
		};
/* End XCConfigurationList section */
	};
	rootObject = 3F6F44A41C005C5800EB2F0B /* Project object */;
}
