// !$*UTF8*$!
{
	archiveVersion = 1;
	classes = {
	};
	objectVersion = 46;
	objects = {

/* Begin PBXBuildFile section */
		3F2F0C561BF47162002901BD /* main.m in Sources */ = {isa = PBXBuildFile; fileRef = 3F2F0C551BF47162002901BD /* main.m */; };
		3F2F0C591BF47162002901BD /* AppDelegate.m in Sources */ = {isa = PBXBuildFile; fileRef = 3F2F0C581BF47162002901BD /* AppDelegate.m */; };
		3F2F0C5C1BF47162002901BD /* ViewController.m in Sources */ = {isa = PBXBuildFile; fileRef = 3F2F0C5B1BF47162002901BD /* ViewController.m */; };
		3F2F0C5F1BF47162002901BD /* Main.storyboard in Resources */ = {isa = PBXBuildFile; fileRef = 3F2F0C5D1BF47162002901BD /* Main.storyboard */; };
		3F2F0C611BF47162002901BD /* Assets.xcassets in Resources */ = {isa = PBXBuildFile; fileRef = 3F2F0C601BF47162002901BD /* Assets.xcassets */; };
		3F2F0C641BF47162002901BD /* LaunchScreen.storyboard in Resources */ = {isa = PBXBuildFile; fileRef = 3F2F0C621BF47162002901BD /* LaunchScreen.storyboard */; };
		3F2F0C6F1BF47162002901BD /* PXSTBTests.m in Sources */ = {isa = PBXBuildFile; fileRef = 3F2F0C6E1BF47162002901BD /* PXSTBTests.m */; };
		3F2F0C7A1BF47162002901BD /* PXSTBUITests.m in Sources */ = {isa = PBXBuildFile; fileRef = 3F2F0C791BF47162002901BD /* PXSTBUITests.m */; };
/* End PBXBuildFile section */

/* Begin PBXContainerItemProxy section */
		3F2F0C6B1BF47162002901BD /* PBXContainerItemProxy */ = {
			isa = PBXContainerItemProxy;
			containerPortal = 3F2F0C491BF47162002901BD /* Project object */;
			proxyType = 1;
			remoteGlobalIDString = 3F2F0C501BF47162002901BD;
			remoteInfo = PXSTB;
		};
		3F2F0C761BF47162002901BD /* PBXContainerItemProxy */ = {
			isa = PBXContainerItemProxy;
			containerPortal = 3F2F0C491BF47162002901BD /* Project object */;
			proxyType = 1;
			remoteGlobalIDString = 3F2F0C501BF47162002901BD;
			remoteInfo = PXSTB;
		};
/* End PBXContainerItemProxy section */

/* Begin PBXFileReference section */
		3F2F0C511BF47162002901BD /* PXSTB.app */ = {isa = PBXFileReference; explicitFileType = wrapper.application; includeInIndex = 0; path = PXSTB.app; sourceTree = BUILT_PRODUCTS_DIR; };
		3F2F0C551BF47162002901BD /* main.m */ = {isa = PBXFileReference; lastKnownFileType = sourcecode.c.objc; path = main.m; sourceTree = "<group>"; };
		3F2F0C571BF47162002901BD /* AppDelegate.h */ = {isa = PBXFileReference; lastKnownFileType = sourcecode.c.h; path = AppDelegate.h; sourceTree = "<group>"; };
		3F2F0C581BF47162002901BD /* AppDelegate.m */ = {isa = PBXFileReference; lastKnownFileType = sourcecode.c.objc; path = AppDelegate.m; sourceTree = "<group>"; };
		3F2F0C5A1BF47162002901BD /* ViewController.h */ = {isa = PBXFileReference; lastKnownFileType = sourcecode.c.h; path = ViewController.h; sourceTree = "<group>"; };
		3F2F0C5B1BF47162002901BD /* ViewController.m */ = {isa = PBXFileReference; lastKnownFileType = sourcecode.c.objc; path = ViewController.m; sourceTree = "<group>"; };
		3F2F0C5E1BF47162002901BD /* Base */ = {isa = PBXFileReference; lastKnownFileType = file.storyboard; name = Base; path = Base.lproj/Main.storyboard; sourceTree = "<group>"; };
		3F2F0C601BF47162002901BD /* Assets.xcassets */ = {isa = PBXFileReference; lastKnownFileType = folder.assetcatalog; path = Assets.xcassets; sourceTree = "<group>"; };
		3F2F0C631BF47162002901BD /* Base */ = {isa = PBXFileReference; lastKnownFileType = file.storyboard; name = Base; path = Base.lproj/LaunchScreen.storyboard; sourceTree = "<group>"; };
		3F2F0C651BF47162002901BD /* Info.plist */ = {isa = PBXFileReference; lastKnownFileType = text.plist.xml; path = Info.plist; sourceTree = "<group>"; };
		3F2F0C6A1BF47162002901BD /* PXSTBTests.xctest */ = {isa = PBXFileReference; explicitFileType = wrapper.cfbundle; includeInIndex = 0; path = PXSTBTests.xctest; sourceTree = BUILT_PRODUCTS_DIR; };
		3F2F0C6E1BF47162002901BD /* PXSTBTests.m */ = {isa = PBXFileReference; lastKnownFileType = sourcecode.c.objc; path = PXSTBTests.m; sourceTree = "<group>"; };
		3F2F0C701BF47162002901BD /* Info.plist */ = {isa = PBXFileReference; lastKnownFileType = text.plist.xml; path = Info.plist; sourceTree = "<group>"; };
		3F2F0C751BF47162002901BD /* PXSTBUITests.xctest */ = {isa = PBXFileReference; explicitFileType = wrapper.cfbundle; includeInIndex = 0; path = PXSTBUITests.xctest; sourceTree = BUILT_PRODUCTS_DIR; };
		3F2F0C791BF47162002901BD /* PXSTBUITests.m */ = {isa = PBXFileReference; lastKnownFileType = sourcecode.c.objc; path = PXSTBUITests.m; sourceTree = "<group>"; };
		3F2F0C7B1BF47162002901BD /* Info.plist */ = {isa = PBXFileReference; lastKnownFileType = text.plist.xml; path = Info.plist; sourceTree = "<group>"; };
/* End PBXFileReference section */

/* Begin PBXFrameworksBuildPhase section */
		3F2F0C4E1BF47162002901BD /* Frameworks */ = {
			isa = PBXFrameworksBuildPhase;
			buildActionMask = 2147483647;
			files = (
			);
			runOnlyForDeploymentPostprocessing = 0;
		};
		3F2F0C671BF47162002901BD /* Frameworks */ = {
			isa = PBXFrameworksBuildPhase;
			buildActionMask = 2147483647;
			files = (
			);
			runOnlyForDeploymentPostprocessing = 0;
		};
		3F2F0C721BF47162002901BD /* Frameworks */ = {
			isa = PBXFrameworksBuildPhase;
			buildActionMask = 2147483647;
			files = (
			);
			runOnlyForDeploymentPostprocessing = 0;
		};
/* End PBXFrameworksBuildPhase section */

/* Begin PBXGroup section */
		3F2F0C481BF47162002901BD = {
			isa = PBXGroup;
			children = (
				3F2F0C531BF47162002901BD /* PXSTB */,
				3F2F0C6D1BF47162002901BD /* PXSTBTests */,
				3F2F0C781BF47162002901BD /* PXSTBUITests */,
				3F2F0C521BF47162002901BD /* Products */,
			);
			sourceTree = "<group>";
		};
		3F2F0C521BF47162002901BD /* Products */ = {
			isa = PBXGroup;
			children = (
				3F2F0C511BF47162002901BD /* PXSTB.app */,
				3F2F0C6A1BF47162002901BD /* PXSTBTests.xctest */,
				3F2F0C751BF47162002901BD /* PXSTBUITests.xctest */,
			);
			name = Products;
			sourceTree = "<group>";
		};
		3F2F0C531BF47162002901BD /* PXSTB */ = {
			isa = PBXGroup;
			children = (
				3F2F0C571BF47162002901BD /* AppDelegate.h */,
				3F2F0C581BF47162002901BD /* AppDelegate.m */,
				3F2F0C5A1BF47162002901BD /* ViewController.h */,
				3F2F0C5B1BF47162002901BD /* ViewController.m */,
				3F2F0C5D1BF47162002901BD /* Main.storyboard */,
				3F2F0C601BF47162002901BD /* Assets.xcassets */,
				3F2F0C621BF47162002901BD /* LaunchScreen.storyboard */,
				3F2F0C651BF47162002901BD /* Info.plist */,
				3F2F0C541BF47162002901BD /* Supporting Files */,
			);
			path = PXSTB;
			sourceTree = "<group>";
		};
		3F2F0C541BF47162002901BD /* Supporting Files */ = {
			isa = PBXGroup;
			children = (
				3F2F0C551BF47162002901BD /* main.m */,
			);
			name = "Supporting Files";
			sourceTree = "<group>";
		};
		3F2F0C6D1BF47162002901BD /* PXSTBTests */ = {
			isa = PBXGroup;
			children = (
				3F2F0C6E1BF47162002901BD /* PXSTBTests.m */,
				3F2F0C701BF47162002901BD /* Info.plist */,
			);
			path = PXSTBTests;
			sourceTree = "<group>";
		};
		3F2F0C781BF47162002901BD /* PXSTBUITests */ = {
			isa = PBXGroup;
			children = (
				3F2F0C791BF47162002901BD /* PXSTBUITests.m */,
				3F2F0C7B1BF47162002901BD /* Info.plist */,
			);
			path = PXSTBUITests;
			sourceTree = "<group>";
		};
/* End PBXGroup section */

/* Begin PBXNativeTarget section */
		3F2F0C501BF47162002901BD /* PXSTB */ = {
			isa = PBXNativeTarget;
			buildConfigurationList = 3F2F0C7E1BF47162002901BD /* Build configuration list for PBXNativeTarget "PXSTB" */;
			buildPhases = (
				3F2F0C4D1BF47162002901BD /* Sources */,
				3F2F0C4E1BF47162002901BD /* Frameworks */,
				3F2F0C4F1BF47162002901BD /* Resources */,
			);
			buildRules = (
			);
			dependencies = (
			);
			name = PXSTB;
			productName = PXSTB;
			productReference = 3F2F0C511BF47162002901BD /* PXSTB.app */;
			productType = "com.apple.product-type.application";
		};
		3F2F0C691BF47162002901BD /* PXSTBTests */ = {
			isa = PBXNativeTarget;
			buildConfigurationList = 3F2F0C811BF47162002901BD /* Build configuration list for PBXNativeTarget "PXSTBTests" */;
			buildPhases = (
				3F2F0C661BF47162002901BD /* Sources */,
				3F2F0C671BF47162002901BD /* Frameworks */,
				3F2F0C681BF47162002901BD /* Resources */,
			);
			buildRules = (
			);
			dependencies = (
				3F2F0C6C1BF47162002901BD /* PBXTargetDependency */,
			);
			name = PXSTBTests;
			productName = PXSTBTests;
			productReference = 3F2F0C6A1BF47162002901BD /* PXSTBTests.xctest */;
			productType = "com.apple.product-type.bundle.unit-test";
		};
		3F2F0C741BF47162002901BD /* PXSTBUITests */ = {
			isa = PBXNativeTarget;
			buildConfigurationList = 3F2F0C841BF47162002901BD /* Build configuration list for PBXNativeTarget "PXSTBUITests" */;
			buildPhases = (
				3F2F0C711BF47162002901BD /* Sources */,
				3F2F0C721BF47162002901BD /* Frameworks */,
				3F2F0C731BF47162002901BD /* Resources */,
			);
			buildRules = (
			);
			dependencies = (
				3F2F0C771BF47162002901BD /* PBXTargetDependency */,
			);
			name = PXSTBUITests;
			productName = PXSTBUITests;
			productReference = 3F2F0C751BF47162002901BD /* PXSTBUITests.xctest */;
			productType = "com.apple.product-type.bundle.ui-testing";
		};
/* End PBXNativeTarget section */

/* Begin PBXProject section */
		3F2F0C491BF47162002901BD /* Project object */ = {
			isa = PBXProject;
			attributes = {
				LastUpgradeCheck = 0710;
				ORGANIZATIONNAME = Student;
				TargetAttributes = {
					3F2F0C501BF47162002901BD = {
						CreatedOnToolsVersion = 7.1;
					};
					3F2F0C691BF47162002901BD = {
						CreatedOnToolsVersion = 7.1;
						TestTargetID = 3F2F0C501BF47162002901BD;
					};
					3F2F0C741BF47162002901BD = {
						CreatedOnToolsVersion = 7.1;
						TestTargetID = 3F2F0C501BF47162002901BD;
					};
				};
			};
			buildConfigurationList = 3F2F0C4C1BF47162002901BD /* Build configuration list for PBXProject "PXSTB" */;
			compatibilityVersion = "Xcode 3.2";
			developmentRegion = English;
			hasScannedForEncodings = 0;
			knownRegions = (
				en,
				Base,
			);
			mainGroup = 3F2F0C481BF47162002901BD;
			productRefGroup = 3F2F0C521BF47162002901BD /* Products */;
			projectDirPath = "";
			projectRoot = "";
			targets = (
				3F2F0C501BF47162002901BD /* PXSTB */,
				3F2F0C691BF47162002901BD /* PXSTBTests */,
				3F2F0C741BF47162002901BD /* PXSTBUITests */,
			);
		};
/* End PBXProject section */

/* Begin PBXResourcesBuildPhase section */
		3F2F0C4F1BF47162002901BD /* Resources */ = {
			isa = PBXResourcesBuildPhase;
			buildActionMask = 2147483647;
			files = (
				3F2F0C641BF47162002901BD /* LaunchScreen.storyboard in Resources */,
				3F2F0C611BF47162002901BD /* Assets.xcassets in Resources */,
				3F2F0C5F1BF47162002901BD /* Main.storyboard in Resources */,
			);
			runOnlyForDeploymentPostprocessing = 0;
		};
		3F2F0C681BF47162002901BD /* Resources */ = {
			isa = PBXResourcesBuildPhase;
			buildActionMask = 2147483647;
			files = (
			);
			runOnlyForDeploymentPostprocessing = 0;
		};
		3F2F0C731BF47162002901BD /* Resources */ = {
			isa = PBXResourcesBuildPhase;
			buildActionMask = 2147483647;
			files = (
			);
			runOnlyForDeploymentPostprocessing = 0;
		};
/* End PBXResourcesBuildPhase section */

/* Begin PBXSourcesBuildPhase section */
		3F2F0C4D1BF47162002901BD /* Sources */ = {
			isa = PBXSourcesBuildPhase;
			buildActionMask = 2147483647;
			files = (
				3F2F0C5C1BF47162002901BD /* ViewController.m in Sources */,
				3F2F0C591BF47162002901BD /* AppDelegate.m in Sources */,
				3F2F0C561BF47162002901BD /* main.m in Sources */,
			);
			runOnlyForDeploymentPostprocessing = 0;
		};
		3F2F0C661BF47162002901BD /* Sources */ = {
			isa = PBXSourcesBuildPhase;
			buildActionMask = 2147483647;
			files = (
				3F2F0C6F1BF47162002901BD /* PXSTBTests.m in Sources */,
			);
			runOnlyForDeploymentPostprocessing = 0;
		};
		3F2F0C711BF47162002901BD /* Sources */ = {
			isa = PBXSourcesBuildPhase;
			buildActionMask = 2147483647;
			files = (
				3F2F0C7A1BF47162002901BD /* PXSTBUITests.m in Sources */,
			);
			runOnlyForDeploymentPostprocessing = 0;
		};
/* End PBXSourcesBuildPhase section */

/* Begin PBXTargetDependency section */
		3F2F0C6C1BF47162002901BD /* PBXTargetDependency */ = {
			isa = PBXTargetDependency;
			target = 3F2F0C501BF47162002901BD /* PXSTB */;
			targetProxy = 3F2F0C6B1BF47162002901BD /* PBXContainerItemProxy */;
		};
		3F2F0C771BF47162002901BD /* PBXTargetDependency */ = {
			isa = PBXTargetDependency;
			target = 3F2F0C501BF47162002901BD /* PXSTB */;
			targetProxy = 3F2F0C761BF47162002901BD /* PBXContainerItemProxy */;
		};
/* End PBXTargetDependency section */

/* Begin PBXVariantGroup section */
		3F2F0C5D1BF47162002901BD /* Main.storyboard */ = {
			isa = PBXVariantGroup;
			children = (
				3F2F0C5E1BF47162002901BD /* Base */,
			);
			name = Main.storyboard;
			sourceTree = "<group>";
		};
		3F2F0C621BF47162002901BD /* LaunchScreen.storyboard */ = {
			isa = PBXVariantGroup;
			children = (
				3F2F0C631BF47162002901BD /* Base */,
			);
			name = LaunchScreen.storyboard;
			sourceTree = "<group>";
		};
/* End PBXVariantGroup section */

/* Begin XCBuildConfiguration section */
		3F2F0C7C1BF47162002901BD /* Debug */ = {
			isa = XCBuildConfiguration;
			buildSettings = {
				ALWAYS_SEARCH_USER_PATHS = NO;
				CLANG_CXX_LANGUAGE_STANDARD = "gnu++0x";
				CLANG_CXX_LIBRARY = "libc++";
				CLANG_ENABLE_MODULES = YES;
				CLANG_ENABLE_OBJC_ARC = YES;
				CLANG_WARN_BOOL_CONVERSION = YES;
				CLANG_WARN_CONSTANT_CONVERSION = YES;
				CLANG_WARN_DIRECT_OBJC_ISA_USAGE = YES_ERROR;
				CLANG_WARN_EMPTY_BODY = YES;
				CLANG_WARN_ENUM_CONVERSION = YES;
				CLANG_WARN_INT_CONVERSION = YES;
				CLANG_WARN_OBJC_ROOT_CLASS = YES_ERROR;
				CLANG_WARN_UNREACHABLE_CODE = YES;
				CLANG_WARN__DUPLICATE_METHOD_MATCH = YES;
				"CODE_SIGN_IDENTITY[sdk=iphoneos*]" = "iPhone Developer";
				COPY_PHASE_STRIP = NO;
				DEBUG_INFORMATION_FORMAT = dwarf;
				ENABLE_STRICT_OBJC_MSGSEND = YES;
				ENABLE_TESTABILITY = YES;
				GCC_C_LANGUAGE_STANDARD = gnu99;
				GCC_DYNAMIC_NO_PIC = NO;
				GCC_NO_COMMON_BLOCKS = YES;
				GCC_OPTIMIZATION_LEVEL = 0;
				GCC_PREPROCESSOR_DEFINITIONS = (
					"DEBUG=1",
					"$(inherited)",
				);
				GCC_WARN_64_TO_32_BIT_CONVERSION = YES;
				GCC_WARN_ABOUT_RETURN_TYPE = YES_ERROR;
				GCC_WARN_UNDECLARED_SELECTOR = YES;
				GCC_WARN_UNINITIALIZED_AUTOS = YES_AGGRESSIVE;
				GCC_WARN_UNUSED_FUNCTION = YES;
				GCC_WARN_UNUSED_VARIABLE = YES;
				IPHONEOS_DEPLOYMENT_TARGET = 9.1;
				MTL_ENABLE_DEBUG_INFO = YES;
				ONLY_ACTIVE_ARCH = YES;
				SDKROOT = iphoneos;
			};
			name = Debug;
		};
		3F2F0C7D1BF47162002901BD /* Release */ = {
			isa = XCBuildConfiguration;
			buildSettings = {
				ALWAYS_SEARCH_USER_PATHS = NO;
				CLANG_CXX_LANGUAGE_STANDARD = "gnu++0x";
				CLANG_CXX_LIBRARY = "libc++";
				CLANG_ENABLE_MODULES = YES;
				CLANG_ENABLE_OBJC_ARC = YES;
				CLANG_WARN_BOOL_CONVERSION = YES;
				CLANG_WARN_CONSTANT_CONVERSION = YES;
				CLANG_WARN_DIRECT_OBJC_ISA_USAGE = YES_ERROR;
				CLANG_WARN_EMPTY_BODY = YES;
				CLANG_WARN_ENUM_CONVERSION = YES;
				CLANG_WARN_INT_CONVERSION = YES;
				CLANG_WARN_OBJC_ROOT_CLASS = YES_ERROR;
				CLANG_WARN_UNREACHABLE_CODE = YES;
				CLANG_WARN__DUPLICATE_METHOD_MATCH = YES;
				"CODE_SIGN_IDENTITY[sdk=iphoneos*]" = "iPhone Developer";
				COPY_PHASE_STRIP = NO;
				DEBUG_INFORMATION_FORMAT = "dwarf-with-dsym";
				ENABLE_NS_ASSERTIONS = NO;
				ENABLE_STRICT_OBJC_MSGSEND = YES;
				GCC_C_LANGUAGE_STANDARD = gnu99;
				GCC_NO_COMMON_BLOCKS = YES;
				GCC_WARN_64_TO_32_BIT_CONVERSION = YES;
				GCC_WARN_ABOUT_RETURN_TYPE = YES_ERROR;
				GCC_WARN_UNDECLARED_SELECTOR = YES;
				GCC_WARN_UNINITIALIZED_AUTOS = YES_AGGRESSIVE;
				GCC_WARN_UNUSED_FUNCTION = YES;
				GCC_WARN_UNUSED_VARIABLE = YES;
				IPHONEOS_DEPLOYMENT_TARGET = 9.1;
				MTL_ENABLE_DEBUG_INFO = NO;
				SDKROOT = iphoneos;
				VALIDATE_PRODUCT = YES;
			};
			name = Release;
		};
		3F2F0C7F1BF47162002901BD /* Debug */ = {
			isa = XCBuildConfiguration;
			buildSettings = {
				ASSETCATALOG_COMPILER_APPICON_NAME = AppIcon;
				INFOPLIST_FILE = PXSTB/Info.plist;
				LD_RUNPATH_SEARCH_PATHS = "$(inherited) @executable_path/Frameworks";
				PRODUCT_BUNDLE_IDENTIFIER = student.PXSTB;
				PRODUCT_NAME = "$(TARGET_NAME)";
			};
			name = Debug;
		};
		3F2F0C801BF47162002901BD /* Release */ = {
			isa = XCBuildConfiguration;
			buildSettings = {
				ASSETCATALOG_COMPILER_APPICON_NAME = AppIcon;
				INFOPLIST_FILE = PXSTB/Info.plist;
				LD_RUNPATH_SEARCH_PATHS = "$(inherited) @executable_path/Frameworks";
				PRODUCT_BUNDLE_IDENTIFIER = student.PXSTB;
				PRODUCT_NAME = "$(TARGET_NAME)";
			};
			name = Release;
		};
		3F2F0C821BF47162002901BD /* Debug */ = {
			isa = XCBuildConfiguration;
			buildSettings = {
				BUNDLE_LOADER = "$(TEST_HOST)";
				INFOPLIST_FILE = PXSTBTests/Info.plist;
				LD_RUNPATH_SEARCH_PATHS = "$(inherited) @executable_path/Frameworks @loader_path/Frameworks";
				PRODUCT_BUNDLE_IDENTIFIER = student.PXSTBTests;
				PRODUCT_NAME = "$(TARGET_NAME)";
				TEST_HOST = "$(BUILT_PRODUCTS_DIR)/PXSTB.app/PXSTB";
			};
			name = Debug;
		};
		3F2F0C831BF47162002901BD /* Release */ = {
			isa = XCBuildConfiguration;
			buildSettings = {
				BUNDLE_LOADER = "$(TEST_HOST)";
				INFOPLIST_FILE = PXSTBTests/Info.plist;
				LD_RUNPATH_SEARCH_PATHS = "$(inherited) @executable_path/Frameworks @loader_path/Frameworks";
				PRODUCT_BUNDLE_IDENTIFIER = student.PXSTBTests;
				PRODUCT_NAME = "$(TARGET_NAME)";
				TEST_HOST = "$(BUILT_PRODUCTS_DIR)/PXSTB.app/PXSTB";
			};
			name = Release;
		};
		3F2F0C851BF47162002901BD /* Debug */ = {
			isa = XCBuildConfiguration;
			buildSettings = {
				INFOPLIST_FILE = PXSTBUITests/Info.plist;
				LD_RUNPATH_SEARCH_PATHS = "$(inherited) @executable_path/Frameworks @loader_path/Frameworks";
				PRODUCT_BUNDLE_IDENTIFIER = student.PXSTBUITests;
				PRODUCT_NAME = "$(TARGET_NAME)";
				TEST_TARGET_NAME = PXSTB;
				USES_XCTRUNNER = YES;
			};
			name = Debug;
		};
		3F2F0C861BF47162002901BD /* Release */ = {
			isa = XCBuildConfiguration;
			buildSettings = {
				INFOPLIST_FILE = PXSTBUITests/Info.plist;
				LD_RUNPATH_SEARCH_PATHS = "$(inherited) @executable_path/Frameworks @loader_path/Frameworks";
				PRODUCT_BUNDLE_IDENTIFIER = student.PXSTBUITests;
				PRODUCT_NAME = "$(TARGET_NAME)";
				TEST_TARGET_NAME = PXSTB;
				USES_XCTRUNNER = YES;
			};
			name = Release;
		};
/* End XCBuildConfiguration section */

/* Begin XCConfigurationList section */
		3F2F0C4C1BF47162002901BD /* Build configuration list for PBXProject "PXSTB" */ = {
			isa = XCConfigurationList;
			buildConfigurations = (
				3F2F0C7C1BF47162002901BD /* Debug */,
				3F2F0C7D1BF47162002901BD /* Release */,
			);
			defaultConfigurationIsVisible = 0;
			defaultConfigurationName = Release;
		};
		3F2F0C7E1BF47162002901BD /* Build configuration list for PBXNativeTarget "PXSTB" */ = {
			isa = XCConfigurationList;
			buildConfigurations = (
				3F2F0C7F1BF47162002901BD /* Debug */,
				3F2F0C801BF47162002901BD /* Release */,
			);
			defaultConfigurationIsVisible = 0;
		};
		3F2F0C811BF47162002901BD /* Build configuration list for PBXNativeTarget "PXSTBTests" */ = {
			isa = XCConfigurationList;
			buildConfigurations = (
				3F2F0C821BF47162002901BD /* Debug */,
				3F2F0C831BF47162002901BD /* Release */,
			);
			defaultConfigurationIsVisible = 0;
		};
		3F2F0C841BF47162002901BD /* Build configuration list for PBXNativeTarget "PXSTBUITests" */ = {
			isa = XCConfigurationList;
			buildConfigurations = (
				3F2F0C851BF47162002901BD /* Debug */,
				3F2F0C861BF47162002901BD /* Release */,
			);
			defaultConfigurationIsVisible = 0;
		};
/* End XCConfigurationList section */
	};
	rootObject = 3F2F0C491BF47162002901BD /* Project object */;
}
